{
  "name": "3-style-generator",
  "version": "1.0.0",
  "lockfileVersion": 2,
  "requires": true,
  "packages": {
    "": {
      "version": "1.0.0",
      "license": "ISC",
      "dependencies": {
        "@popperjs/core": "^2.8.4",
        "bootstrap": "^5.0.0-beta2"
      }
    },
    "node_modules/@popperjs/core": {
      "version": "2.8.4",
      "resolved": "https://registry.npmjs.org/@popperjs/core/-/core-2.8.4.tgz",
      "integrity": "sha512-h0lY7g36rhjNV8KVHKS3/BEOgfsxu0AiRI8+ry5IFBGEsQFkpjxtcpVc9ndN8zrKUeMZXAWMc7eQMepfgykpxQ==",
      "funding": {
        "type": "opencollective",
        "url": "https://opencollective.com/popperjs"
      }
    },
    "node_modules/bootstrap": {
      "version": "5.0.0-beta2",
      "resolved": "https://registry.npmjs.org/bootstrap/-/bootstrap-5.0.0-beta2.tgz",
      "integrity": "sha512-e+uPbPHqTQWKyCX435uVlOmgH9tUt0xtjvyOC7knhKgOS643BrQKuTo+KecGpPV7qlmOyZgCfaM4xxPWtDEN/g==",
      "funding": {
        "type": "opencollective",
        "url": "https://opencollective.com/bootstrap"
      },
      "peerDependencies": {
        "@popperjs/core": "^2.6.0"
      }
    }
  },
  "dependencies": {
    "@popperjs/core": {
      "version": "2.8.4",
      "resolved": "https://registry.npmjs.org/@popperjs/core/-/core-2.8.4.tgz",
      "integrity": "sha512-h0lY7g36rhjNV8KVHKS3/BEOgfsxu0AiRI8+ry5IFBGEsQFkpjxtcpVc9ndN8zrKUeMZXAWMc7eQMepfgykpxQ=="
    },
    "bootstrap": {
      "version": "5.0.0-beta2",
      "resolved": "https://registry.npmjs.org/bootstrap/-/bootstrap-5.0.0-beta2.tgz",
      "integrity": "sha512-e+uPbPHqTQWKyCX435uVlOmgH9tUt0xtjvyOC7knhKgOS643BrQKuTo+KecGpPV7qlmOyZgCfaM4xxPWtDEN/g==",
      "requires": {}
    }
  }
}
